
Microsoft Visual Studio Solution File, Format Version 12.00
# Visual Studio Version 16
VisualStudioVersion = 16.0.29306.81
MinimumVisualStudioVersion = 10.0.40219.1
Project("{FAE04EC0-301F-11D3-BF4B-00C04F79EFBC}") = "Rus OOP 6.2", "Rus OOP 6.2\Rus OOP 6.2.csproj", "{995404AD-49A1-4CEC-874C-BD11FE68D55C}"
EndProject
Global
	GlobalSection(SolutionConfigurationPlatforms) = preSolution
		Debug|Any CPU = Debug|Any CPU
		Release|Any CPU = Release|Any CPU
	EndGlobalSection
	GlobalSection(ProjectConfigurationPlatforms) = postSolution
		{995404AD-49A1-4CEC-874C-BD11FE68D55C}.Debug|Any CPU.ActiveCfg = Debug|Any CPU
		{995404AD-49A1-4CEC-874C-BD11FE68D55C}.Debug|Any CPU.Build.0 = Debug|Any CPU
		{995404AD-49A1-4CEC-874C-BD11FE68D55C}.Release|Any CPU.ActiveCfg = Release|Any CPU
		{995404AD-49A1-4CEC-874C-BD11FE68D55C}.Release|Any CPU.Build.0 = Release|Any CPU
	EndGlobalSection
	GlobalSection(SolutionProperties) = preSolution
		HideSolutionNode = FALSE
	EndGlobalSection
	GlobalSection(ExtensibilityGlobals) = postSolution
		SolutionGuid = {17E00788-D825-426E-8FC3-359A0B671735}
	EndGlobalSection
EndGlobal
